{
  "name": "tbp-toolbox",
  "version": "1.0.0",
  "lockfileVersion": 3,
  "requires": true,
  "packages": {
    "": {
      "name": "tbp-toolbox",
      "version": "1.0.0",
      "workspaces": [
        "webApp",
        "shared/build/dist/js/developmentLibrary"
      ],
      "devDependencies": {
        "karakum": "^1.0.0-alpha.77",
        "typescript": "^5.9.3"
      }
    },
    "node_modules/karakum": {
      "version": "1.0.0-alpha.77",
      "resolved": "https://registry.npmjs.org/karakum/-/karakum-1.0.0-alpha.77.tgz",
      "integrity": "sha512-aS1DhOdnBpkPBXQFIKgbdGNb/URB9xm0TALpUv6ZxIdsCGE5JTeWG99thjg105KXn8Oy5XaehSG81jIiHSQIuQ==",
      "dev": true,
      "license": "Apache-2.0",
      "bin": {
        "karakum": "kotlin/karakum-bin.mjs"
      },
      "peerDependencies": {
        "typescript": "^5.7.2"
      }
    },
    "node_modules/typescript": {
      "version": "5.9.3",
      "resolved": "https://registry.npmjs.org/typescript/-/typescript-5.9.3.tgz",
      "integrity": "sha512-jl1vZzPDinLr9eUt3J/t7V6FgNEw9QjvBPdysz9KfQDD41fQrC2Y4vKQdiaUpFT4bXlb1RHhLpp8wtm6M5TgSw==",
      "dev": true,
      "license": "Apache-2.0",
      "bin": {
        "tsc": "bin/tsc",
        "tsserver": "bin/tsserver"
      },
      "engines": {
        "node": ">=14.17"
      }
    },
    "shared/build/dist/js/developmentLibrary": {
      "name": "shared",
      "version": "0.0.0-unspecified",
      "extraneous": true,
      "devDependencies": {
        "typescript": "5.8.3"
      }
    },
    "webApp": {
      "version": "1.0.0",
      "extraneous": true,
      "dependencies": {
        "react": "^18.2.0",
        "react-dom": "^18.2.0",
        "shared": "0.0.0-unspecified"
      },
      "devDependencies": {
        "@types/react": "^18.2.0",
        "@types/react-dom": "^18.2.0",
        "@vitejs/plugin-react": "^4.0.0",
        "typescript": "^5.0.2",
        "vite": "^4.4.9"
      }
    }
  }
}
